
Microsoft Visual Studio Solution File, Format Version 12.00
# Visual Studio Version 16
VisualStudioVersion = 16.0.31605.320
MinimumVisualStudioVersion = 10.0.40219.1
Project("{FAE04EC0-301F-11D3-BF4B-00C04F79EFBC}") = "SSP.Mims.Mobile.Client.App.UWP", "src\SSP.Mims.Mobile.Client.App\SSP.Mims.Mobile.Client.App.UWP\SSP.Mims.Mobile.Client.App.UWP.csproj", "{D413E3CB-7259-4ECA-B63C-038170EE7DF9}"
EndProject
Project("{FAE04EC0-301F-11D3-BF4B-00C04F79EFBC}") = "SSP.Mims.Mobile.Client.App.Android", "src\SSP.Mims.Mobile.Client.App\SSP.Mims.Mobile.Client.App.Android\SSP.Mims.Mobile.Client.App.Android.csproj", "{E1ABC114-1007-46FD-9DAA-900CA36E2AB5}"
EndProject
Project("{FAE04EC0-301F-11D3-BF4B-00C04F79EFBC}") = "SSP.Mims.Mobile.Client.App.iOS", "src\SSP.Mims.Mobile.Client.App\SSP.Mims.Mobile.Client.App.iOS\SSP.Mims.Mobile.Client.App.iOS.csproj", "{E9FB2E3C-310B-4D01-A283-AE687BC4323E}"
EndProject
Project("{FAE04EC0-301F-11D3-BF4B-00C04F79EFBC}") = "SSP.Mims.Mobile.Client.App", "src\SSP.Mims.Mobile.Client.App\SSP.Mims.Mobile.Client.App\SSP.Mims.Mobile.Client.App.csproj", "{A25AD3F1-16B4-4462-BCC3-1CBA03867BD9}"
EndProject
Project("{2150E333-8FDC-42A3-9474-1A3956D46DE8}") = "Mobile", "Mobile", "{4DB2730A-6E38-4079-AE78-900E07435B9A}"
EndProject
Project("{2150E333-8FDC-42A3-9474-1A3956D46DE8}") = "Client", "Client", "{8707B092-F9F9-4693-AA59-9A441EF21192}"
EndProject
Project("{2150E333-8FDC-42A3-9474-1A3956D46DE8}") = "App", "App", "{BA36839E-D88E-4DCD-A46E-3EB236F8C25B}"
EndProject
Project("{2150E333-8FDC-42A3-9474-1A3956D46DE8}") = "Solution Items", "Solution Items", "{C0A774B1-8F23-48E1-B0EB-DB4BDF5FC316}"
EndProject
Project("{2150E333-8FDC-42A3-9474-1A3956D46DE8}") = "Common", "Common", "{B0ACB168-179B-447E-B5A6-39AA6754CE34}"
EndProject
Global
	GlobalSection(SolutionConfigurationPlatforms) = preSolution
		Debug|Any CPU = Debug|Any CPU
		Debug|ARM = Debug|ARM
		Debug|iPhone = Debug|iPhone
		Debug|iPhoneSimulator = Debug|iPhoneSimulator
		Debug|x64 = Debug|x64
		Debug|x86 = Debug|x86
		Release|Any CPU = Release|Any CPU
		Release|ARM = Release|ARM
		Release|iPhone = Release|iPhone
		Release|iPhoneSimulator = Release|iPhoneSimulator
		Release|x64 = Release|x64
		Release|x86 = Release|x86
	EndGlobalSection
	GlobalSection(ProjectConfigurationPlatforms) = postSolution
		{D413E3CB-7259-4ECA-B63C-038170EE7DF9}.Debug|Any CPU.ActiveCfg = Debug|x86
		{D413E3CB-7259-4ECA-B63C-038170EE7DF9}.Debug|Any CPU.Build.0 = Debug|x86
		{D413E3CB-7259-4ECA-B63C-038170EE7DF9}.Debug|Any CPU.Deploy.0 = Debug|x86
		{D413E3CB-7259-4ECA-B63C-038170EE7DF9}.Debug|ARM.ActiveCfg = Debug|ARM
		{D413E3CB-7259-4ECA-B63C-038170EE7DF9}.Debug|ARM.Build.0 = Debug|ARM
		{D413E3CB-7259-4ECA-B63C-038170EE7DF9}.Debug|ARM.Deploy.0 = Debug|ARM
		{D413E3CB-7259-4ECA-B63C-038170EE7DF9}.Debug|iPhone.ActiveCfg = Debug|x86
		{D413E3CB-7259-4ECA-B63C-038170EE7DF9}.Debug|iPhone.Build.0 = Debug|x86
		{D413E3CB-7259-4ECA-B63C-038170EE7DF9}.Debug|iPhone.Deploy.0 = Debug|x86
		{D413E3CB-7259-4ECA-B63C-038170EE7DF9}.Debug|iPhoneSimulator.ActiveCfg = Debug|x86
		{D413E3CB-7259-4ECA-B63C-038170EE7DF9}.Debug|iPhoneSimulator.Build.0 = Debug|x86
		{D413E3CB-7259-4ECA-B63C-038170EE7DF9}.Debug|iPhoneSimulator.Deploy.0 = Debug|x86
		{D413E3CB-7259-4ECA-B63C-038170EE7DF9}.Debug|x64.ActiveCfg = Debug|x64
		{D413E3CB-7259-4ECA-B63C-038170EE7DF9}.Debug|x64.Build.0 = Debug|x64
		{D413E3CB-7259-4ECA-B63C-038170EE7DF9}.Debug|x64.Deploy.0 = Debug|x64
		{D413E3CB-7259-4ECA-B63C-038170EE7DF9}.Debug|x86.ActiveCfg = Debug|x86
		{D413E3CB-7259-4ECA-B63C-038170EE7DF9}.Debug|x86.Build.0 = Debug|x86
		{D413E3CB-7259-4ECA-B63C-038170EE7DF9}.Debug|x86.Deploy.0 = Debug|x86
		{D413E3CB-7259-4ECA-B63C-038170EE7DF9}.Release|Any CPU.ActiveCfg = Release|x86
		{D413E3CB-7259-4ECA-B63C-038170EE7DF9}.Release|Any CPU.Build.0 = Release|x86
		{D413E3CB-7259-4ECA-B63C-038170EE7DF9}.Release|Any CPU.Deploy.0 = Release|x86
		{D413E3CB-7259-4ECA-B63C-038170EE7DF9}.Release|ARM.ActiveCfg = Release|ARM
		{D413E3CB-7259-4ECA-B63C-038170EE7DF9}.Release|ARM.Build.0 = Release|ARM
		{D413E3CB-7259-4ECA-B63C-038170EE7DF9}.Release|ARM.Deploy.0 = Release|ARM
		{D413E3CB-7259-4ECA-B63C-038170EE7DF9}.Release|iPhone.ActiveCfg = Release|x86
		{D413E3CB-7259-4ECA-B63C-038170EE7DF9}.Release|iPhone.Build.0 = Release|x86
		{D413E3CB-7259-4ECA-B63C-038170EE7DF9}.Release|iPhone.Deploy.0 = Release|x86
		{D413E3CB-7259-4ECA-B63C-038170EE7DF9}.Release|iPhoneSimulator.ActiveCfg = Release|x86
		{D413E3CB-7259-4ECA-B63C-038170EE7DF9}.Release|iPhoneSimulator.Build.0 = Release|x86
		{D413E3CB-7259-4ECA-B63C-038170EE7DF9}.Release|iPhoneSimulator.Deploy.0 = Release|x86
		{D413E3CB-7259-4ECA-B63C-038170EE7DF9}.Release|x64.ActiveCfg = Release|x64
		{D413E3CB-7259-4ECA-B63C-038170EE7DF9}.Release|x64.Build.0 = Release|x64
		{D413E3CB-7259-4ECA-B63C-038170EE7DF9}.Release|x64.Deploy.0 = Release|x64
		{D413E3CB-7259-4ECA-B63C-038170EE7DF9}.Release|x86.ActiveCfg = Release|x86
		{D413E3CB-7259-4ECA-B63C-038170EE7DF9}.Release|x86.Build.0 = Release|x86
		{D413E3CB-7259-4ECA-B63C-038170EE7DF9}.Release|x86.Deploy.0 = Release|x86
		{E1ABC114-1007-46FD-9DAA-900CA36E2AB5}.Debug|Any CPU.ActiveCfg = Debug|Any CPU
		{E1ABC114-1007-46FD-9DAA-900CA36E2AB5}.Debug|Any CPU.Build.0 = Debug|Any CPU
		{E1ABC114-1007-46FD-9DAA-900CA36E2AB5}.Debug|Any CPU.Deploy.0 = Debug|Any CPU
		{E1ABC114-1007-46FD-9DAA-900CA36E2AB5}.Debug|ARM.ActiveCfg = Debug|Any CPU
		{E1ABC114-1007-46FD-9DAA-900CA36E2AB5}.Debug|ARM.Build.0 = Debug|Any CPU
		{E1ABC114-1007-46FD-9DAA-900CA36E2AB5}.Debug|ARM.Deploy.0 = Debug|Any CPU
		{E1ABC114-1007-46FD-9DAA-900CA36E2AB5}.Debug|iPhone.ActiveCfg = Debug|Any CPU
		{E1ABC114-1007-46FD-9DAA-900CA36E2AB5}.Debug|iPhone.Build.0 = Debug|Any CPU
		{E1ABC114-1007-46FD-9DAA-900CA36E2AB5}.Debug|iPhone.Deploy.0 = Debug|Any CPU
		{E1ABC114-1007-46FD-9DAA-900CA36E2AB5}.Debug|iPhoneSimulator.ActiveCfg = Debug|Any CPU
		{E1ABC114-1007-46FD-9DAA-900CA36E2AB5}.Debug|iPhoneSimulator.Build.0 = Debug|Any CPU
		{E1ABC114-1007-46FD-9DAA-900CA36E2AB5}.Debug|iPhoneSimulator.Deploy.0 = Debug|Any CPU
		{E1ABC114-1007-46FD-9DAA-900CA36E2AB5}.Debug|x64.ActiveCfg = Debug|Any CPU
		{E1ABC114-1007-46FD-9DAA-900CA36E2AB5}.Debug|x64.Build.0 = Debug|Any CPU
		{E1ABC114-1007-46FD-9DAA-900CA36E2AB5}.Debug|x64.Deploy.0 = Debug|Any CPU
		{E1ABC114-1007-46FD-9DAA-900CA36E2AB5}.Debug|x86.ActiveCfg = Debug|Any CPU
		{E1ABC114-1007-46FD-9DAA-900CA36E2AB5}.Debug|x86.Build.0 = Debug|Any CPU
		{E1ABC114-1007-46FD-9DAA-900CA36E2AB5}.Debug|x86.Deploy.0 = Debug|Any CPU
		{E1ABC114-1007-46FD-9DAA-900CA36E2AB5}.Release|Any CPU.ActiveCfg = Release|Any CPU
		{E1ABC114-1007-46FD-9DAA-900CA36E2AB5}.Release|Any CPU.Build.0 = Release|Any CPU
		{E1ABC114-1007-46FD-9DAA-900CA36E2AB5}.Release|Any CPU.Deploy.0 = Release|Any CPU
		{E1ABC114-1007-46FD-9DAA-900CA36E2AB5}.Release|ARM.ActiveCfg = Release|Any CPU
		{E1ABC114-1007-46FD-9DAA-900CA36E2AB5}.Release|ARM.Build.0 = Release|Any CPU
		{E1ABC114-1007-46FD-9DAA-900CA36E2AB5}.Release|ARM.Deploy.0 = Release|Any CPU
		{E1ABC114-1007-46FD-9DAA-900CA36E2AB5}.Release|iPhone.ActiveCfg = Release|Any CPU
		{E1ABC114-1007-46FD-9DAA-900CA36E2AB5}.Release|iPhone.Build.0 = Release|Any CPU
		{E1ABC114-1007-46FD-9DAA-900CA36E2AB5}.Release|iPhone.Deploy.0 = Release|Any CPU
		{E1ABC114-1007-46FD-9DAA-900CA36E2AB5}.Release|iPhoneSimulator.ActiveCfg = Release|Any CPU
		{E1ABC114-1007-46FD-9DAA-900CA36E2AB5}.Release|iPhoneSimulator.Build.0 = Release|Any CPU
		{E1ABC114-1007-46FD-9DAA-900CA36E2AB5}.Release|iPhoneSimulator.Deploy.0 = Release|Any CPU
		{E1ABC114-1007-46FD-9DAA-900CA36E2AB5}.Release|x64.ActiveCfg = Release|Any CPU
		{E1ABC114-1007-46FD-9DAA-900CA36E2AB5}.Release|x64.Build.0 = Release|Any CPU
		{E1ABC114-1007-46FD-9DAA-900CA36E2AB5}.Release|x64.Deploy.0 = Release|Any CPU
		{E1ABC114-1007-46FD-9DAA-900CA36E2AB5}.Release|x86.ActiveCfg = Release|Any CPU
		{E1ABC114-1007-46FD-9DAA-900CA36E2AB5}.Release|x86.Build.0 = Release|Any CPU
		{E1ABC114-1007-46FD-9DAA-900CA36E2AB5}.Release|x86.Deploy.0 = Release|Any CPU
		{E9FB2E3C-310B-4D01-A283-AE687BC4323E}.Debug|Any CPU.ActiveCfg = Debug|iPhoneSimulator
		{E9FB2E3C-310B-4D01-A283-AE687BC4323E}.Debug|Any CPU.Build.0 = Debug|iPhoneSimulator
		{E9FB2E3C-310B-4D01-A283-AE687BC4323E}.Debug|Any CPU.Deploy.0 = Debug|iPhoneSimulator
		{E9FB2E3C-310B-4D01-A283-AE687BC4323E}.Debug|ARM.ActiveCfg = Debug|iPhone
		{E9FB2E3C-310B-4D01-A283-AE687BC4323E}.Debug|ARM.Build.0 = Debug|iPhone
		{E9FB2E3C-310B-4D01-A283-AE687BC4323E}.Debug|ARM.Deploy.0 = Debug|iPhone
		{E9FB2E3C-310B-4D01-A283-AE687BC4323E}.Debug|iPhone.ActiveCfg = Debug|iPhone
		{E9FB2E3C-310B-4D01-A283-AE687BC4323E}.Debug|iPhone.Build.0 = Debug|iPhone
		{E9FB2E3C-310B-4D01-A283-AE687BC4323E}.Debug|iPhone.Deploy.0 = Debug|iPhone
		{E9FB2E3C-310B-4D01-A283-AE687BC4323E}.Debug|iPhoneSimulator.ActiveCfg = Debug|iPhoneSimulator
		{E9FB2E3C-310B-4D01-A283-AE687BC4323E}.Debug|iPhoneSimulator.Build.0 = Debug|iPhoneSimulator
		{E9FB2E3C-310B-4D01-A283-AE687BC4323E}.Debug|iPhoneSimulator.Deploy.0 = Debug|iPhoneSimulator
		{E9FB2E3C-310B-4D01-A283-AE687BC4323E}.Debug|x64.ActiveCfg = Debug|iPhoneSimulator
		{E9FB2E3C-310B-4D01-A283-AE687BC4323E}.Debug|x64.Build.0 = Debug|iPhoneSimulator
		{E9FB2E3C-310B-4D01-A283-AE687BC4323E}.Debug|x64.Deploy.0 = Debug|iPhoneSimulator
		{E9FB2E3C-310B-4D01-A283-AE687BC4323E}.Debug|x86.ActiveCfg = Debug|iPhoneSimulator
		{E9FB2E3C-310B-4D01-A283-AE687BC4323E}.Debug|x86.Build.0 = Debug|iPhoneSimulator
		{E9FB2E3C-310B-4D01-A283-AE687BC4323E}.Debug|x86.Deploy.0 = Debug|iPhoneSimulator
		{E9FB2E3C-310B-4D01-A283-AE687BC4323E}.Release|Any CPU.ActiveCfg = Release|iPhoneSimulator
		{E9FB2E3C-310B-4D01-A283-AE687BC4323E}.Release|Any CPU.Build.0 = Release|iPhoneSimulator
		{E9FB2E3C-310B-4D01-A283-AE687BC4323E}.Release|Any CPU.Deploy.0 = Release|iPhoneSimulator
		{E9FB2E3C-310B-4D01-A283-AE687BC4323E}.Release|ARM.ActiveCfg = Release|iPhoneSimulator
		{E9FB2E3C-310B-4D01-A283-AE687BC4323E}.Release|ARM.Build.0 = Release|iPhoneSimulator
		{E9FB2E3C-310B-4D01-A283-AE687BC4323E}.Release|ARM.Deploy.0 = Release|iPhoneSimulator
		{E9FB2E3C-310B-4D01-A283-AE687BC4323E}.Release|iPhone.ActiveCfg = Release|iPhone
		{E9FB2E3C-310B-4D01-A283-AE687BC4323E}.Release|iPhone.Build.0 = Release|iPhone
		{E9FB2E3C-310B-4D01-A283-AE687BC4323E}.Release|iPhone.Deploy.0 = Release|iPhone
		{E9FB2E3C-310B-4D01-A283-AE687BC4323E}.Release|iPhoneSimulator.ActiveCfg = Release|iPhoneSimulator
		{E9FB2E3C-310B-4D01-A283-AE687BC4323E}.Release|iPhoneSimulator.Build.0 = Release|iPhoneSimulator
		{E9FB2E3C-310B-4D01-A283-AE687BC4323E}.Release|iPhoneSimulator.Deploy.0 = Release|iPhoneSimulator
		{E9FB2E3C-310B-4D01-A283-AE687BC4323E}.Release|x64.ActiveCfg = Release|iPhoneSimulator
		{E9FB2E3C-310B-4D01-A283-AE687BC4323E}.Release|x64.Build.0 = Release|iPhoneSimulator
		{E9FB2E3C-310B-4D01-A283-AE687BC4323E}.Release|x64.Deploy.0 = Release|iPhoneSimulator
		{E9FB2E3C-310B-4D01-A283-AE687BC4323E}.Release|x86.ActiveCfg = Release|iPhoneSimulator
		{E9FB2E3C-310B-4D01-A283-AE687BC4323E}.Release|x86.Build.0 = Release|iPhoneSimulator
		{E9FB2E3C-310B-4D01-A283-AE687BC4323E}.Release|x86.Deploy.0 = Release|iPhoneSimulator
		{A25AD3F1-16B4-4462-BCC3-1CBA03867BD9}.Debug|Any CPU.ActiveCfg = Debug|Any CPU
		{A25AD3F1-16B4-4462-BCC3-1CBA03867BD9}.Debug|Any CPU.Build.0 = Debug|Any CPU
		{A25AD3F1-16B4-4462-BCC3-1CBA03867BD9}.Debug|Any CPU.Deploy.0 = Debug|Any CPU
		{A25AD3F1-16B4-4462-BCC3-1CBA03867BD9}.Debug|ARM.ActiveCfg = Debug|Any CPU
		{A25AD3F1-16B4-4462-BCC3-1CBA03867BD9}.Debug|ARM.Build.0 = Debug|Any CPU
		{A25AD3F1-16B4-4462-BCC3-1CBA03867BD9}.Debug|ARM.Deploy.0 = Debug|Any CPU
		{A25AD3F1-16B4-4462-BCC3-1CBA03867BD9}.Debug|iPhone.ActiveCfg = Debug|Any CPU
		{A25AD3F1-16B4-4462-BCC3-1CBA03867BD9}.Debug|iPhone.Build.0 = Debug|Any CPU
		{A25AD3F1-16B4-4462-BCC3-1CBA03867BD9}.Debug|iPhone.Deploy.0 = Debug|Any CPU
		{A25AD3F1-16B4-4462-BCC3-1CBA03867BD9}.Debug|iPhoneSimulator.ActiveCfg = Debug|Any CPU
		{A25AD3F1-16B4-4462-BCC3-1CBA03867BD9}.Debug|iPhoneSimulator.Build.0 = Debug|Any CPU
		{A25AD3F1-16B4-4462-BCC3-1CBA03867BD9}.Debug|iPhoneSimulator.Deploy.0 = Debug|Any CPU
		{A25AD3F1-16B4-4462-BCC3-1CBA03867BD9}.Debug|x64.ActiveCfg = Debug|Any CPU
		{A25AD3F1-16B4-4462-BCC3-1CBA03867BD9}.Debug|x64.Build.0 = Debug|Any CPU
		{A25AD3F1-16B4-4462-BCC3-1CBA03867BD9}.Debug|x64.Deploy.0 = Debug|Any CPU
		{A25AD3F1-16B4-4462-BCC3-1CBA03867BD9}.Debug|x86.ActiveCfg = Debug|Any CPU
		{A25AD3F1-16B4-4462-BCC3-1CBA03867BD9}.Debug|x86.Build.0 = Debug|Any CPU
		{A25AD3F1-16B4-4462-BCC3-1CBA03867BD9}.Debug|x86.Deploy.0 = Debug|Any CPU
		{A25AD3F1-16B4-4462-BCC3-1CBA03867BD9}.Release|Any CPU.ActiveCfg = Release|Any CPU
		{A25AD3F1-16B4-4462-BCC3-1CBA03867BD9}.Release|Any CPU.Build.0 = Release|Any CPU
		{A25AD3F1-16B4-4462-BCC3-1CBA03867BD9}.Release|Any CPU.Deploy.0 = Release|Any CPU
		{A25AD3F1-16B4-4462-BCC3-1CBA03867BD9}.Release|ARM.ActiveCfg = Release|Any CPU
		{A25AD3F1-16B4-4462-BCC3-1CBA03867BD9}.Release|ARM.Build.0 = Release|Any CPU
		{A25AD3F1-16B4-4462-BCC3-1CBA03867BD9}.Release|ARM.Deploy.0 = Release|Any CPU
		{A25AD3F1-16B4-4462-BCC3-1CBA03867BD9}.Release|iPhone.ActiveCfg = Release|Any CPU
		{A25AD3F1-16B4-4462-BCC3-1CBA03867BD9}.Release|iPhone.Build.0 = Release|Any CPU
		{A25AD3F1-16B4-4462-BCC3-1CBA03867BD9}.Release|iPhone.Deploy.0 = Release|Any CPU
		{A25AD3F1-16B4-4462-BCC3-1CBA03867BD9}.Release|iPhoneSimulator.ActiveCfg = Release|Any CPU
		{A25AD3F1-16B4-4462-BCC3-1CBA03867BD9}.Release|iPhoneSimulator.Build.0 = Release|Any CPU
		{A25AD3F1-16B4-4462-BCC3-1CBA03867BD9}.Release|iPhoneSimulator.Deploy.0 = Release|Any CPU
		{A25AD3F1-16B4-4462-BCC3-1CBA03867BD9}.Release|x64.ActiveCfg = Release|Any CPU
		{A25AD3F1-16B4-4462-BCC3-1CBA03867BD9}.Release|x64.Build.0 = Release|Any CPU
		{A25AD3F1-16B4-4462-BCC3-1CBA03867BD9}.Release|x64.Deploy.0 = Release|Any CPU
		{A25AD3F1-16B4-4462-BCC3-1CBA03867BD9}.Release|x86.ActiveCfg = Release|Any CPU
		{A25AD3F1-16B4-4462-BCC3-1CBA03867BD9}.Release|x86.Build.0 = Release|Any CPU
		{A25AD3F1-16B4-4462-BCC3-1CBA03867BD9}.Release|x86.Deploy.0 = Release|Any CPU
	EndGlobalSection
	GlobalSection(SolutionProperties) = preSolution
		HideSolutionNode = FALSE
	EndGlobalSection
	GlobalSection(NestedProjects) = preSolution
		{D413E3CB-7259-4ECA-B63C-038170EE7DF9} = {BA36839E-D88E-4DCD-A46E-3EB236F8C25B}
		{E1ABC114-1007-46FD-9DAA-900CA36E2AB5} = {BA36839E-D88E-4DCD-A46E-3EB236F8C25B}
		{E9FB2E3C-310B-4D01-A283-AE687BC4323E} = {BA36839E-D88E-4DCD-A46E-3EB236F8C25B}
		{A25AD3F1-16B4-4462-BCC3-1CBA03867BD9} = {BA36839E-D88E-4DCD-A46E-3EB236F8C25B}
		{8707B092-F9F9-4693-AA59-9A441EF21192} = {4DB2730A-6E38-4079-AE78-900E07435B9A}
		{BA36839E-D88E-4DCD-A46E-3EB236F8C25B} = {8707B092-F9F9-4693-AA59-9A441EF21192}
	EndGlobalSection
	GlobalSection(ExtensibilityGlobals) = postSolution
		SolutionGuid = {9C997BF5-CD7B-4FBD-82FC-BDC9955E7D25}
	EndGlobalSection
EndGlobal
